
Microsoft Visual Studio Solution File, Format Version 12.00
# Visual Studio Version 17
VisualStudioVersion = 17.10.35027.167
MinimumVisualStudioVersion = 10.0.40219.1
Project("{9A19103F-16F7-4668-BE54-9A1E7A4F7556}") = "ITS POS", "ITS POS\ITS POS.csproj", "{BFA3C18E-84B8-4316-BB61-CF1E1F9D18E9}"
EndProject
Project("{9A19103F-16F7-4668-BE54-9A1E7A4F7556}") = "ITS POS WEB API", "ITS POS WEB API\ITS POS WEB API.csproj", "{12B2338D-2B90-48CC-B259-356B5EB46829}"
EndProject
Project("{FAE04EC0-301F-11D3-BF4B-00C04F79EFBC}") = "POS-ITS.API", "POS-ITS.API\POS-ITS.API.csproj", "{657934DB-A446-4078-8A8D-7A1A275F6F8F}"
EndProject
Project("{FAE04EC0-301F-11D3-BF4B-00C04F79EFBC}") = "POS-ITS.API.DATA", "POS-ITS.API.DATA\POS-ITS.API.DATA.csproj", "{9419DEC2-82A9-429A-8354-09FCE61FD840}"
EndProject
Project("{FAE04EC0-301F-11D3-BF4B-00C04F79EFBC}") = "POS-ITS.API.MODEL", "POS-ITS.API.MODEL\POS-ITS.API.MODEL.csproj", "{E5C18AA7-BFA4-455D-AD3E-292E7D6CD782}"
EndProject
Project("{FAE04EC0-301F-11D3-BF4B-00C04F79EFBC}") = "POS-ITS.API.REPOSITORY", "POS-ITS.API.REPOSITORY\POS-ITS.API.REPOSITORY.csproj", "{6D5B0582-CDD5-4DAF-BBD2-39FCD8957741}"
EndProject
Project("{FAE04EC0-301F-11D3-BF4B-00C04F79EFBC}") = "POS-ITS.API.SERVICE", "POS-ITS.API.SERVICE\POS-ITS.API.SERVICE.csproj", "{CC90E40E-B4DB-41A0-84DC-8CAD6F113354}"
EndProject
Project("{FAE04EC0-301F-11D3-BF4B-00C04F79EFBC}") = "POS-ITS.API.UNITTEST", "POS-ITS.API.UNITTEST\POS-ITS.API.UNITTEST.csproj", "{B037E2B6-4E4B-4EA3-BACC-A5D4E7AE54DF}"
EndProject
Global
	GlobalSection(SolutionConfigurationPlatforms) = preSolution
		Debug|Any CPU = Debug|Any CPU
		Release|Any CPU = Release|Any CPU
	EndGlobalSection
	GlobalSection(ProjectConfigurationPlatforms) = postSolution
		{BFA3C18E-84B8-4316-BB61-CF1E1F9D18E9}.Debug|Any CPU.ActiveCfg = Debug|Any CPU
		{BFA3C18E-84B8-4316-BB61-CF1E1F9D18E9}.Debug|Any CPU.Build.0 = Debug|Any CPU
		{BFA3C18E-84B8-4316-BB61-CF1E1F9D18E9}.Release|Any CPU.ActiveCfg = Release|Any CPU
		{BFA3C18E-84B8-4316-BB61-CF1E1F9D18E9}.Release|Any CPU.Build.0 = Release|Any CPU
		{12B2338D-2B90-48CC-B259-356B5EB46829}.Debug|Any CPU.ActiveCfg = Debug|Any CPU
		{12B2338D-2B90-48CC-B259-356B5EB46829}.Debug|Any CPU.Build.0 = Debug|Any CPU
		{12B2338D-2B90-48CC-B259-356B5EB46829}.Release|Any CPU.ActiveCfg = Release|Any CPU
		{12B2338D-2B90-48CC-B259-356B5EB46829}.Release|Any CPU.Build.0 = Release|Any CPU
		{657934DB-A446-4078-8A8D-7A1A275F6F8F}.Debug|Any CPU.ActiveCfg = Debug|Any CPU
		{657934DB-A446-4078-8A8D-7A1A275F6F8F}.Debug|Any CPU.Build.0 = Debug|Any CPU
		{657934DB-A446-4078-8A8D-7A1A275F6F8F}.Release|Any CPU.ActiveCfg = Release|Any CPU
		{657934DB-A446-4078-8A8D-7A1A275F6F8F}.Release|Any CPU.Build.0 = Release|Any CPU
		{9419DEC2-82A9-429A-8354-09FCE61FD840}.Debug|Any CPU.ActiveCfg = Debug|Any CPU
		{9419DEC2-82A9-429A-8354-09FCE61FD840}.Debug|Any CPU.Build.0 = Debug|Any CPU
		{9419DEC2-82A9-429A-8354-09FCE61FD840}.Release|Any CPU.ActiveCfg = Release|Any CPU
		{9419DEC2-82A9-429A-8354-09FCE61FD840}.Release|Any CPU.Build.0 = Release|Any CPU
		{E5C18AA7-BFA4-455D-AD3E-292E7D6CD782}.Debug|Any CPU.ActiveCfg = Debug|Any CPU
		{E5C18AA7-BFA4-455D-AD3E-292E7D6CD782}.Debug|Any CPU.Build.0 = Debug|Any CPU
		{E5C18AA7-BFA4-455D-AD3E-292E7D6CD782}.Release|Any CPU.ActiveCfg = Release|Any CPU
		{E5C18AA7-BFA4-455D-AD3E-292E7D6CD782}.Release|Any CPU.Build.0 = Release|Any CPU
		{6D5B0582-CDD5-4DAF-BBD2-39FCD8957741}.Debug|Any CPU.ActiveCfg = Debug|Any CPU
		{6D5B0582-CDD5-4DAF-BBD2-39FCD8957741}.Debug|Any CPU.Build.0 = Debug|Any CPU
		{6D5B0582-CDD5-4DAF-BBD2-39FCD8957741}.Release|Any CPU.ActiveCfg = Release|Any CPU
		{6D5B0582-CDD5-4DAF-BBD2-39FCD8957741}.Release|Any CPU.Build.0 = Release|Any CPU
		{CC90E40E-B4DB-41A0-84DC-8CAD6F113354}.Debug|Any CPU.ActiveCfg = Debug|Any CPU
		{CC90E40E-B4DB-41A0-84DC-8CAD6F113354}.Debug|Any CPU.Build.0 = Debug|Any CPU
		{CC90E40E-B4DB-41A0-84DC-8CAD6F113354}.Release|Any CPU.ActiveCfg = Release|Any CPU
		{CC90E40E-B4DB-41A0-84DC-8CAD6F113354}.Release|Any CPU.Build.0 = Release|Any CPU
		{B037E2B6-4E4B-4EA3-BACC-A5D4E7AE54DF}.Debug|Any CPU.ActiveCfg = Debug|Any CPU
		{B037E2B6-4E4B-4EA3-BACC-A5D4E7AE54DF}.Debug|Any CPU.Build.0 = Debug|Any CPU
		{B037E2B6-4E4B-4EA3-BACC-A5D4E7AE54DF}.Release|Any CPU.ActiveCfg = Release|Any CPU
		{B037E2B6-4E4B-4EA3-BACC-A5D4E7AE54DF}.Release|Any CPU.Build.0 = Release|Any CPU
	EndGlobalSection
	GlobalSection(SolutionProperties) = preSolution
		HideSolutionNode = FALSE
	EndGlobalSection
	GlobalSection(ExtensibilityGlobals) = postSolution
		SolutionGuid = {4286C327-D923-46DA-A600-84A2B1315545}
	EndGlobalSection
EndGlobal
