
Microsoft Visual Studio Solution File, Format Version 12.00
# Visual Studio Version 17
VisualStudioVersion = 17.10.35027.167
MinimumVisualStudioVersion = 10.0.40219.1
Project("{9A19103F-16F7-4668-BE54-9A1E7A4F7556}") = "ITS POS", "ITS POS\ITS POS.csproj", "{BFA3C18E-84B8-4316-BB61-CF1E1F9D18E9}"
EndProject
Project("{9A19103F-16F7-4668-BE54-9A1E7A4F7556}") = "ITS POS WEB API", "ITS POS WEB API\ITS POS WEB API.csproj", "{12B2338D-2B90-48CC-B259-356B5EB46829}"
EndProject
Global
	GlobalSection(SolutionConfigurationPlatforms) = preSolution
		Debug|Any CPU = Debug|Any CPU
		Release|Any CPU = Release|Any CPU
	EndGlobalSection
	GlobalSection(ProjectConfigurationPlatforms) = postSolution
		{BFA3C18E-84B8-4316-BB61-CF1E1F9D18E9}.Debug|Any CPU.ActiveCfg = Debug|Any CPU
		{BFA3C18E-84B8-4316-BB61-CF1E1F9D18E9}.Debug|Any CPU.Build.0 = Debug|Any CPU
		{BFA3C18E-84B8-4316-BB61-CF1E1F9D18E9}.Release|Any CPU.ActiveCfg = Release|Any CPU
		{BFA3C18E-84B8-4316-BB61-CF1E1F9D18E9}.Release|Any CPU.Build.0 = Release|Any CPU
		{12B2338D-2B90-48CC-B259-356B5EB46829}.Debug|Any CPU.ActiveCfg = Debug|Any CPU
		{12B2338D-2B90-48CC-B259-356B5EB46829}.Debug|Any CPU.Build.0 = Debug|Any CPU
		{12B2338D-2B90-48CC-B259-356B5EB46829}.Release|Any CPU.ActiveCfg = Release|Any CPU
		{12B2338D-2B90-48CC-B259-356B5EB46829}.Release|Any CPU.Build.0 = Release|Any CPU
	EndGlobalSection
	GlobalSection(SolutionProperties) = preSolution
		HideSolutionNode = FALSE
	EndGlobalSection
	GlobalSection(ExtensibilityGlobals) = postSolution
		SolutionGuid = {4286C327-D923-46DA-A600-84A2B1315545}
	EndGlobalSection
EndGlobal
