
Microsoft Visual Studio Solution File, Format Version 12.00
# Visual Studio Version 17
VisualStudioVersion = 17.10.35027.167
MinimumVisualStudioVersion = 10.0.40219.1
Project("{9A19103F-16F7-4668-BE54-9A1E7A4F7556}") = "POS-ITS.API.UNITTEST", "..\POS-ITS\POS-ITS.API.UNITTEST\POS-ITS.API.UNITTEST.csproj", "{E74DDD81-92DD-435B-87FA-1DE0D5813BFF}"
EndProject
Project("{9A19103F-16F7-4668-BE54-9A1E7A4F7556}") = "POS-ITS.API", "..\POS-ITS\POS-ITS.API\POS-ITS.API.csproj", "{F4FF9878-7B13-42E9-B67B-A436357B456D}"
EndProject
Project("{9A19103F-16F7-4668-BE54-9A1E7A4F7556}") = "POS-ITS.API.DATA", "..\POS-ITS\POS-ITS.DATA\POS-ITS.API.DATA.csproj", "{43F0A62C-F551-42A9-93CF-B5870992E5BA}"
EndProject
Project("{9A19103F-16F7-4668-BE54-9A1E7A4F7556}") = "POS-ITS.API.MODEL", "..\POS-ITS\POS-ITS.MODEL\POS-ITS.API.MODEL.csproj", "{C15D2AD9-F490-4FEA-BDD4-3E0B8A07E9FC}"
EndProject
Project("{9A19103F-16F7-4668-BE54-9A1E7A4F7556}") = "POS-ITS.API.REPOSITORY", "..\POS-ITS\POS-ITS.REPOSITORIES\POS-ITS.API.REPOSITORY.csproj", "{0A54315F-B32C-4CE0-A0FA-51559EA097D6}"
EndProject
Project("{9A19103F-16F7-4668-BE54-9A1E7A4F7556}") = "POS-ITS.API.SERVICE", "..\POS-ITS\POS-ITS.SERVICE\POS-ITS.API.SERVICE.csproj", "{0756B557-8225-43F5-BF96-B3320D8B724A}"
EndProject
Global
	GlobalSection(SolutionConfigurationPlatforms) = preSolution
		Debug|Any CPU = Debug|Any CPU
		Release|Any CPU = Release|Any CPU
	EndGlobalSection
	GlobalSection(ProjectConfigurationPlatforms) = postSolution
		{E74DDD81-92DD-435B-87FA-1DE0D5813BFF}.Debug|Any CPU.ActiveCfg = Debug|Any CPU
		{E74DDD81-92DD-435B-87FA-1DE0D5813BFF}.Debug|Any CPU.Build.0 = Debug|Any CPU
		{E74DDD81-92DD-435B-87FA-1DE0D5813BFF}.Release|Any CPU.ActiveCfg = Release|Any CPU
		{E74DDD81-92DD-435B-87FA-1DE0D5813BFF}.Release|Any CPU.Build.0 = Release|Any CPU
		{F4FF9878-7B13-42E9-B67B-A436357B456D}.Debug|Any CPU.ActiveCfg = Debug|Any CPU
		{F4FF9878-7B13-42E9-B67B-A436357B456D}.Debug|Any CPU.Build.0 = Debug|Any CPU
		{F4FF9878-7B13-42E9-B67B-A436357B456D}.Release|Any CPU.ActiveCfg = Release|Any CPU
		{F4FF9878-7B13-42E9-B67B-A436357B456D}.Release|Any CPU.Build.0 = Release|Any CPU
		{43F0A62C-F551-42A9-93CF-B5870992E5BA}.Debug|Any CPU.ActiveCfg = Debug|Any CPU
		{43F0A62C-F551-42A9-93CF-B5870992E5BA}.Debug|Any CPU.Build.0 = Debug|Any CPU
		{43F0A62C-F551-42A9-93CF-B5870992E5BA}.Release|Any CPU.ActiveCfg = Release|Any CPU
		{43F0A62C-F551-42A9-93CF-B5870992E5BA}.Release|Any CPU.Build.0 = Release|Any CPU
		{C15D2AD9-F490-4FEA-BDD4-3E0B8A07E9FC}.Debug|Any CPU.ActiveCfg = Debug|Any CPU
		{C15D2AD9-F490-4FEA-BDD4-3E0B8A07E9FC}.Debug|Any CPU.Build.0 = Debug|Any CPU
		{C15D2AD9-F490-4FEA-BDD4-3E0B8A07E9FC}.Release|Any CPU.ActiveCfg = Release|Any CPU
		{C15D2AD9-F490-4FEA-BDD4-3E0B8A07E9FC}.Release|Any CPU.Build.0 = Release|Any CPU
		{0A54315F-B32C-4CE0-A0FA-51559EA097D6}.Debug|Any CPU.ActiveCfg = Debug|Any CPU
		{0A54315F-B32C-4CE0-A0FA-51559EA097D6}.Debug|Any CPU.Build.0 = Debug|Any CPU
		{0A54315F-B32C-4CE0-A0FA-51559EA097D6}.Release|Any CPU.ActiveCfg = Release|Any CPU
		{0A54315F-B32C-4CE0-A0FA-51559EA097D6}.Release|Any CPU.Build.0 = Release|Any CPU
		{0756B557-8225-43F5-BF96-B3320D8B724A}.Debug|Any CPU.ActiveCfg = Debug|Any CPU
		{0756B557-8225-43F5-BF96-B3320D8B724A}.Debug|Any CPU.Build.0 = Debug|Any CPU
		{0756B557-8225-43F5-BF96-B3320D8B724A}.Release|Any CPU.ActiveCfg = Release|Any CPU
		{0756B557-8225-43F5-BF96-B3320D8B724A}.Release|Any CPU.Build.0 = Release|Any CPU
	EndGlobalSection
	GlobalSection(SolutionProperties) = preSolution
		HideSolutionNode = FALSE
	EndGlobalSection
	GlobalSection(ExtensibilityGlobals) = postSolution
		SolutionGuid = {4286C327-D923-46DA-A600-84A2B1315545}
	EndGlobalSection
EndGlobal
